// !$*UTF8*$!
{
	archiveVersion = 1;
	classes = {
	};
	objectVersion = 48;
	objects = {

/* Begin PBXBuildFile section */
		C622EB621FC46FE800EA2EAC /* BeanScoreView.m in Sources */ = {isa = PBXBuildFile; fileRef = C622EB611FC46FE800EA2EAC /* BeanScoreView.m */; };
		C622EB651FC4705900EA2EAC /* BeanGameResource.m in Sources */ = {isa = PBXBuildFile; fileRef = C622EB641FC4705900EA2EAC /* BeanGameResource.m */; };
		C6269C531FC4757600F7B27A /* BeanAnimatedCountView.m in Sources */ = {isa = PBXBuildFile; fileRef = C6269C521FC4757600F7B27A /* BeanAnimatedCountView.m */; };
		C6269C561FC4821C00F7B27A /* BeanNoAnimationLayer.m in Sources */ = {isa = PBXBuildFile; fileRef = C6269C551FC4821C00F7B27A /* BeanNoAnimationLayer.m */; };
		C6269C881FC4859F00F7B27A /* _FBTweakDictionaryViewController.m in Sources */ = {isa = PBXBuildFile; fileRef = C6269C591FC4859700F7B27A /* _FBTweakDictionaryViewController.m */; };
		C6269C891FC4859F00F7B27A /* _FBTweakCollectionViewController.m in Sources */ = {isa = PBXBuildFile; fileRef = C6269C5C1FC4859700F7B27A /* _FBTweakCollectionViewController.m */; };
		C6269C8A1FC4859F00F7B27A /* _FBColorWheelCell.m in Sources */ = {isa = PBXBuildFile; fileRef = C6269C5D1FC4859700F7B27A /* _FBColorWheelCell.m */; };
		C6269C8B1FC4859F00F7B27A /* _FBTweakCategoryViewController.m in Sources */ = {isa = PBXBuildFile; fileRef = C6269C5F1FC4859700F7B27A /* _FBTweakCategoryViewController.m */; };
		C6269C8C1FC4859F00F7B27A /* _FBColorUtils.m in Sources */ = {isa = PBXBuildFile; fileRef = C6269C611FC4859800F7B27A /* _FBColorUtils.m */; };
		C6269C8D1FC4859F00F7B27A /* FBTweakCategory.m in Sources */ = {isa = PBXBuildFile; fileRef = C6269C621FC4859800F7B27A /* FBTweakCategory.m */; };
		C6269C8E1FC4859F00F7B27A /* _FBTweakBindObserver.m in Sources */ = {isa = PBXBuildFile; fileRef = C6269C641FC4859800F7B27A /* _FBTweakBindObserver.m */; };
		C6269C8F1FC4859F00F7B27A /* _FBTweakColorViewController.m in Sources */ = {isa = PBXBuildFile; fileRef = C6269C651FC4859800F7B27A /* _FBTweakColorViewController.m */; };
		C6269C901FC4859F00F7B27A /* FBTweakStore.m in Sources */ = {isa = PBXBuildFile; fileRef = C6269C691FC4859900F7B27A /* FBTweakStore.m */; };
		C6269C911FC4859F00F7B27A /* _FBColorComponentCell.m in Sources */ = {isa = PBXBuildFile; fileRef = C6269C6F1FC4859A00F7B27A /* _FBColorComponentCell.m */; };
		C6269C921FC4859F00F7B27A /* _FBSliderView.m in Sources */ = {isa = PBXBuildFile; fileRef = C6269C711FC4859A00F7B27A /* _FBSliderView.m */; };
		C6269C931FC4859F00F7B27A /* _FBKeyboardManager.m in Sources */ = {isa = PBXBuildFile; fileRef = C6269C721FC4859A00F7B27A /* _FBKeyboardManager.m */; };
		C6269C941FC4859F00F7B27A /* _FBTweakArrayViewController.m in Sources */ = {isa = PBXBuildFile; fileRef = C6269C751FC4859B00F7B27A /* _FBTweakArrayViewController.m */; };
		C6269C951FC4859F00F7B27A /* _FBTweakTableViewCell.m in Sources */ = {isa = PBXBuildFile; fileRef = C6269C761FC4859B00F7B27A /* _FBTweakTableViewCell.m */; };
		C6269C961FC4859F00F7B27A /* FBTweak.m in Sources */ = {isa = PBXBuildFile; fileRef = C6269C771FC4859B00F7B27A /* FBTweak.m */; };
		C6269C971FC4859F00F7B27A /* FBTweakInline.m in Sources */ = {isa = PBXBuildFile; fileRef = C6269C791FC4859C00F7B27A /* FBTweakInline.m */; };
		C6269C981FC4859F00F7B27A /* FBTweakShakeWindow.m in Sources */ = {isa = PBXBuildFile; fileRef = C6269C7C1FC4859C00F7B27A /* FBTweakShakeWindow.m */; };
		C6269C991FC4859F00F7B27A /* FBTweakViewController.m in Sources */ = {isa = PBXBuildFile; fileRef = C6269C7E1FC4859C00F7B27A /* FBTweakViewController.m */; };
		C6269C9A1FC4859F00F7B27A /* _FBTweakColorViewControllerHSBDataSource.m in Sources */ = {isa = PBXBuildFile; fileRef = C6269C821FC4859D00F7B27A /* _FBTweakColorViewControllerHSBDataSource.m */; };
		C6269C9B1FC4859F00F7B27A /* _FBTweakColorViewControllerHexDataSource.m in Sources */ = {isa = PBXBuildFile; fileRef = C6269C831FC4859E00F7B27A /* _FBTweakColorViewControllerHexDataSource.m */; };
		C6269C9C1FC4859F00F7B27A /* _FBTweakColorViewControllerRGBDataSource.m in Sources */ = {isa = PBXBuildFile; fileRef = C6269C861FC4859F00F7B27A /* _FBTweakColorViewControllerRGBDataSource.m */; };
		C6269C9D1FC4859F00F7B27A /* FBTweakCollection.m in Sources */ = {isa = PBXBuildFile; fileRef = C6269C871FC4859F00F7B27A /* FBTweakCollection.m */; };
		C6269CB61FC485C900F7B27A /* NSInvocation+EXT.m in Sources */ = {isa = PBXBuildFile; fileRef = C6269C9F1FC485C300F7B27A /* NSInvocation+EXT.m */; };
		C6269CB71FC485C900F7B27A /* EXTNil.m in Sources */ = {isa = PBXBuildFile; fileRef = C6269CA21FC485C400F7B27A /* EXTNil.m */; };
		C6269CB81FC485C900F7B27A /* EXTRuntimeExtensions.m in Sources */ = {isa = PBXBuildFile; fileRef = C6269CA41FC485C500F7B27A /* EXTRuntimeExtensions.m */; };
		C6269CB91FC485C900F7B27A /* EXTSafeCategory.m in Sources */ = {isa = PBXBuildFile; fileRef = C6269CA51FC485C500F7B27A /* EXTSafeCategory.m */; };
		C6269CBA1FC485C900F7B27A /* NSMethodSignature+EXT.m in Sources */ = {isa = PBXBuildFile; fileRef = C6269CA91FC485C600F7B27A /* NSMethodSignature+EXT.m */; };
		C6269CBB1FC485C900F7B27A /* EXTConcreteProtocol.m in Sources */ = {isa = PBXBuildFile; fileRef = C6269CB01FC485C700F7B27A /* EXTConcreteProtocol.m */; };
		C6269CBC1FC485C900F7B27A /* EXTSelectorChecking.m in Sources */ = {isa = PBXBuildFile; fileRef = C6269CB21FC485C800F7B27A /* EXTSelectorChecking.m */; };
		C6269CBD1FC485C900F7B27A /* EXTScope.m in Sources */ = {isa = PBXBuildFile; fileRef = C6269CB41FC485C800F7B27A /* EXTScope.m */; };
		C6269CBE1FC485C900F7B27A /* EXTADT.m in Sources */ = {isa = PBXBuildFile; fileRef = C6269CB51FC485C800F7B27A /* EXTADT.m */; };
		C6269CC31FC4882400F7B27A /* UIView+WBTSizes.m in Sources */ = {isa = PBXBuildFile; fileRef = C6269CC21FC4882400F7B27A /* UIView+WBTSizes.m */; };
		C66653C41FBC9F600009F30C /* BeansGenerator.m in Sources */ = {isa = PBXBuildFile; fileRef = C66653C31FBC9F600009F30C /* BeansGenerator.m */; };
		C66653C71FBC9FC20009F30C /* BeanView.m in Sources */ = {isa = PBXBuildFile; fileRef = C66653C61FBC9FC20009F30C /* BeanView.m */; };
		C66653CA1FBCA14C0009F30C /* BeanNormalBeanView.m in Sources */ = {isa = PBXBuildFile; fileRef = C66653C91FBCA14C0009F30C /* BeanNormalBeanView.m */; };
		C66653CD1FBCA1580009F30C /* BeanLargeBeanView.m in Sources */ = {isa = PBXBuildFile; fileRef = C66653CC1FBCA1580009F30C /* BeanLargeBeanView.m */; };
		C66653D01FBCA1870009F30C /* BeanPooPooView.m in Sources */ = {isa = PBXBuildFile; fileRef = C66653CF1FBCA1870009F30C /* BeanPooPooView.m */; };
		C68123661FBC5A18002D6C23 /* BeanGamePhase.m in Sources */ = {isa = PBXBuildFile; fileRef = C68123651FBC5A18002D6C23 /* BeanGamePhase.m */; };
		C68123691FBC5A2A002D6C23 /* BeanGamePhaseController.m in Sources */ = {isa = PBXBuildFile; fileRef = C68123681FBC5A2A002D6C23 /* BeanGamePhaseController.m */; };
		C681236C1FBC5A3B002D6C23 /* BeanGameCountdownPhase.m in Sources */ = {isa = PBXBuildFile; fileRef = C681236B1FBC5A3B002D6C23 /* BeanGameCountdownPhase.m */; };
		C681236F1FBC5A4F002D6C23 /* BeanGamePlayingPhase.m in Sources */ = {isa = PBXBuildFile; fileRef = C681236E1FBC5A4F002D6C23 /* BeanGamePlayingPhase.m */; };
		C68123721FBC5A86002D6C23 /* BeanGameResultPhase.m in Sources */ = {isa = PBXBuildFile; fileRef = C68123711FBC5A86002D6C23 /* BeanGameResultPhase.m */; };
		C681237A1FBDA265002D6C23 /* BeanLayerContainerView.m in Sources */ = {isa = PBXBuildFile; fileRef = C68123791FBDA264002D6C23 /* BeanLayerContainerView.m */; };
		C6ACA5E71FB98FFE001D43A2 /* AppDelegate.m in Sources */ = {isa = PBXBuildFile; fileRef = C6ACA5E61FB98FFE001D43A2 /* AppDelegate.m */; };
		C6ACA5EA1FB98FFF001D43A2 /* ViewController.m in Sources */ = {isa = PBXBuildFile; fileRef = C6ACA5E91FB98FFF001D43A2 /* ViewController.m */; };
		C6ACA5ED1FB98FFF001D43A2 /* Main.storyboard in Resources */ = {isa = PBXBuildFile; fileRef = C6ACA5EB1FB98FFF001D43A2 /* Main.storyboard */; };
		C6ACA5EF1FB98FFF001D43A2 /* Assets.xcassets in Resources */ = {isa = PBXBuildFile; fileRef = C6ACA5EE1FB98FFF001D43A2 /* Assets.xcassets */; };
		C6ACA5F21FB98FFF001D43A2 /* LaunchScreen.storyboard in Resources */ = {isa = PBXBuildFile; fileRef = C6ACA5F01FB98FFF001D43A2 /* LaunchScreen.storyboard */; };
		C6ACA5F51FB98FFF001D43A2 /* main.m in Sources */ = {isa = PBXBuildFile; fileRef = C6ACA5F41FB98FFF001D43A2 /* main.m */; };
		C6ACA5FD1FB991D7001D43A2 /* BeanGameController.m in Sources */ = {isa = PBXBuildFile; fileRef = C6ACA5FC1FB991D7001D43A2 /* BeanGameController.m */; };
/* End PBXBuildFile section */

/* Begin PBXFileReference section */
		C622EB601FC46FE800EA2EAC /* BeanScoreView.h */ = {isa = PBXFileReference; lastKnownFileType = sourcecode.c.h; path = BeanScoreView.h; sourceTree = "<group>"; };
		C622EB611FC46FE800EA2EAC /* BeanScoreView.m */ = {isa = PBXFileReference; lastKnownFileType = sourcecode.c.objc; path = BeanScoreView.m; sourceTree = "<group>"; };
		C622EB631FC4705900EA2EAC /* BeanGameResource.h */ = {isa = PBXFileReference; lastKnownFileType = sourcecode.c.h; path = BeanGameResource.h; sourceTree = "<group>"; };
		C622EB641FC4705900EA2EAC /* BeanGameResource.m */ = {isa = PBXFileReference; lastKnownFileType = sourcecode.c.objc; path = BeanGameResource.m; sourceTree = "<group>"; };
		C6269C511FC4757600F7B27A /* BeanAnimatedCountView.h */ = {isa = PBXFileReference; lastKnownFileType = sourcecode.c.h; path = BeanAnimatedCountView.h; sourceTree = "<group>"; };
		C6269C521FC4757600F7B27A /* BeanAnimatedCountView.m */ = {isa = PBXFileReference; lastKnownFileType = sourcecode.c.objc; path = BeanAnimatedCountView.m; sourceTree = "<group>"; };
		C6269C541FC4821C00F7B27A /* BeanNoAnimationLayer.h */ = {isa = PBXFileReference; lastKnownFileType = sourcecode.c.h; path = BeanNoAnimationLayer.h; sourceTree = "<group>"; };
		C6269C551FC4821C00F7B27A /* BeanNoAnimationLayer.m */ = {isa = PBXFileReference; lastKnownFileType = sourcecode.c.objc; path = BeanNoAnimationLayer.m; sourceTree = "<group>"; };
		C6269C591FC4859700F7B27A /* _FBTweakDictionaryViewController.m */ = {isa = PBXFileReference; fileEncoding = 4; lastKnownFileType = sourcecode.c.objc; path = _FBTweakDictionaryViewController.m; sourceTree = "<group>"; };
		C6269C5A1FC4859700F7B27A /* _FBKeyboardManager.h */ = {isa = PBXFileReference; fileEncoding = 4; lastKnownFileType = sourcecode.c.h; path = _FBKeyboardManager.h; sourceTree = "<group>"; };
		C6269C5B1FC4859700F7B27A /* _FBTweakCollectionViewController.h */ = {isa = PBXFileReference; fileEncoding = 4; lastKnownFileType = sourcecode.c.h; path = _FBTweakCollectionViewController.h; sourceTree = "<group>"; };
		C6269C5C1FC4859700F7B27A /* _FBTweakCollectionViewController.m */ = {isa = PBXFileReference; fileEncoding = 4; lastKnownFileType = sourcecode.c.objc; path = _FBTweakCollectionViewController.m; sourceTree = "<group>"; };
		C6269C5D1FC4859700F7B27A /* _FBColorWheelCell.m */ = {isa = PBXFileReference; fileEncoding = 4; lastKnownFileType = sourcecode.c.objc; path = _FBColorWheelCell.m; sourceTree = "<group>"; };
		C6269C5E1FC4859700F7B27A /* FBTweakCategory.h */ = {isa = PBXFileReference; fileEncoding = 4; lastKnownFileType = sourcecode.c.h; path = FBTweakCategory.h; sourceTree = "<group>"; };
		C6269C5F1FC4859700F7B27A /* _FBTweakCategoryViewController.m */ = {isa = PBXFileReference; fileEncoding = 4; lastKnownFileType = sourcecode.c.objc; path = _FBTweakCategoryViewController.m; sourceTree = "<group>"; };
		C6269C601FC4859700F7B27A /* FBTweakStore.h */ = {isa = PBXFileReference; fileEncoding = 4; lastKnownFileType = sourcecode.c.h; path = FBTweakStore.h; sourceTree = "<group>"; };
		C6269C611FC4859800F7B27A /* _FBColorUtils.m */ = {isa = PBXFileReference; fileEncoding = 4; lastKnownFileType = sourcecode.c.objc; path = _FBColorUtils.m; sourceTree = "<group>"; };
		C6269C621FC4859800F7B27A /* FBTweakCategory.m */ = {isa = PBXFileReference; fileEncoding = 4; lastKnownFileType = sourcecode.c.objc; path = FBTweakCategory.m; sourceTree = "<group>"; };
		C6269C631FC4859800F7B27A /* _FBTweakTableViewCell.h */ = {isa = PBXFileReference; fileEncoding = 4; lastKnownFileType = sourcecode.c.h; path = _FBTweakTableViewCell.h; sourceTree = "<group>"; };
		C6269C641FC4859800F7B27A /* _FBTweakBindObserver.m */ = {isa = PBXFileReference; fileEncoding = 4; lastKnownFileType = sourcecode.c.objc; path = _FBTweakBindObserver.m; sourceTree = "<group>"; };
		C6269C651FC4859800F7B27A /* _FBTweakColorViewController.m */ = {isa = PBXFileReference; fileEncoding = 4; lastKnownFileType = sourcecode.c.objc; path = _FBTweakColorViewController.m; sourceTree = "<group>"; };
		C6269C661FC4859800F7B27A /* FBTweakShakeWindow.h */ = {isa = PBXFileReference; fileEncoding = 4; lastKnownFileType = sourcecode.c.h; path = FBTweakShakeWindow.h; sourceTree = "<group>"; };
		C6269C671FC4859800F7B27A /* FBTweakCollection.h */ = {isa = PBXFileReference; fileEncoding = 4; lastKnownFileType = sourcecode.c.h; path = FBTweakCollection.h; sourceTree = "<group>"; };
		C6269C681FC4859800F7B27A /* FBTweakInline.h */ = {isa = PBXFileReference; fileEncoding = 4; lastKnownFileType = sourcecode.c.h; path = FBTweakInline.h; sourceTree = "<group>"; };
		C6269C691FC4859900F7B27A /* FBTweakStore.m */ = {isa = PBXFileReference; fileEncoding = 4; lastKnownFileType = sourcecode.c.objc; path = FBTweakStore.m; sourceTree = "<group>"; };
		C6269C6A1FC4859900F7B27A /* _FBColorUtils.h */ = {isa = PBXFileReference; fileEncoding = 4; lastKnownFileType = sourcecode.c.h; path = _FBColorUtils.h; sourceTree = "<group>"; };
		C6269C6B1FC4859900F7B27A /* FBTweakViewController.h */ = {isa = PBXFileReference; fileEncoding = 4; lastKnownFileType = sourcecode.c.h; path = FBTweakViewController.h; sourceTree = "<group>"; };
		C6269C6C1FC4859900F7B27A /* _FBTweakColorViewControllerDataSource.h */ = {isa = PBXFileReference; fileEncoding = 4; lastKnownFileType = sourcecode.c.h; path = _FBTweakColorViewControllerDataSource.h; sourceTree = "<group>"; };
		C6269C6D1FC4859A00F7B27A /* _FBColorWheelCell.h */ = {isa = PBXFileReference; fileEncoding = 4; lastKnownFileType = sourcecode.c.h; path = _FBColorWheelCell.h; sourceTree = "<group>"; };
		C6269C6E1FC4859A00F7B27A /* _FBTweakColorViewController.h */ = {isa = PBXFileReference; fileEncoding = 4; lastKnownFileType = sourcecode.c.h; path = _FBTweakColorViewController.h; sourceTree = "<group>"; };
		C6269C6F1FC4859A00F7B27A /* _FBColorComponentCell.m */ = {isa = PBXFileReference; fileEncoding = 4; lastKnownFileType = sourcecode.c.objc; path = _FBColorComponentCell.m; sourceTree = "<group>"; };
		C6269C701FC4859A00F7B27A /* _FBTweakBindObserver.h */ = {isa = PBXFileReference; fileEncoding = 4; lastKnownFileType = sourcecode.c.h; path = _FBTweakBindObserver.h; sourceTree = "<group>"; };
		C6269C711FC4859A00F7B27A /* _FBSliderView.m */ = {isa = PBXFileReference; fileEncoding = 4; lastKnownFileType = sourcecode.c.objc; path = _FBSliderView.m; sourceTree = "<group>"; };
		C6269C721FC4859A00F7B27A /* _FBKeyboardManager.m */ = {isa = PBXFileReference; fileEncoding = 4; lastKnownFileType = sourcecode.c.objc; path = _FBKeyboardManager.m; sourceTree = "<group>"; };
		C6269C731FC4859B00F7B27A /* _FBTweakArrayViewController.h */ = {isa = PBXFileReference; fileEncoding = 4; lastKnownFileType = sourcecode.c.h; path = _FBTweakArrayViewController.h; sourceTree = "<group>"; };
		C6269C741FC4859B00F7B27A /* _FBColorComponentCell.h */ = {isa = PBXFileReference; fileEncoding = 4; lastKnownFileType = sourcecode.c.h; path = _FBColorComponentCell.h; sourceTree = "<group>"; };
		C6269C751FC4859B00F7B27A /* _FBTweakArrayViewController.m */ = {isa = PBXFileReference; fileEncoding = 4; lastKnownFileType = sourcecode.c.objc; path = _FBTweakArrayViewController.m; sourceTree = "<group>"; };
		C6269C761FC4859B00F7B27A /* _FBTweakTableViewCell.m */ = {isa = PBXFileReference; fileEncoding = 4; lastKnownFileType = sourcecode.c.objc; path = _FBTweakTableViewCell.m; sourceTree = "<group>"; };
		C6269C771FC4859B00F7B27A /* FBTweak.m */ = {isa = PBXFileReference; fileEncoding = 4; lastKnownFileType = sourcecode.c.objc; path = FBTweak.m; sourceTree = "<group>"; };
		C6269C781FC4859B00F7B27A /* FBTweakEnabled.h */ = {isa = PBXFileReference; fileEncoding = 4; lastKnownFileType = sourcecode.c.h; path = FBTweakEnabled.h; sourceTree = "<group>"; };
		C6269C791FC4859C00F7B27A /* FBTweakInline.m */ = {isa = PBXFileReference; fileEncoding = 4; lastKnownFileType = sourcecode.c.objc; path = FBTweakInline.m; sourceTree = "<group>"; };
		C6269C7A1FC4859C00F7B27A /* _FBTweakColorViewControllerHexDataSource.h */ = {isa = PBXFileReference; fileEncoding = 4; lastKnownFileType = sourcecode.c.h; path = _FBTweakColorViewControllerHexDataSource.h; sourceTree = "<group>"; };
		C6269C7B1FC4859C00F7B27A /* _FBSliderView.h */ = {isa = PBXFileReference; fileEncoding = 4; lastKnownFileType = sourcecode.c.h; path = _FBSliderView.h; sourceTree = "<group>"; };
		C6269C7C1FC4859C00F7B27A /* FBTweakShakeWindow.m */ = {isa = PBXFileReference; fileEncoding = 4; lastKnownFileType = sourcecode.c.objc; path = FBTweakShakeWindow.m; sourceTree = "<group>"; };
		C6269C7D1FC4859C00F7B27A /* _FBTweakColorViewControllerHSBDataSource.h */ = {isa = PBXFileReference; fileEncoding = 4; lastKnownFileType = sourcecode.c.h; path = _FBTweakColorViewControllerHSBDataSource.h; sourceTree = "<group>"; };
		C6269C7E1FC4859C00F7B27A /* FBTweakViewController.m */ = {isa = PBXFileReference; fileEncoding = 4; lastKnownFileType = sourcecode.c.objc; path = FBTweakViewController.m; sourceTree = "<group>"; };
		C6269C7F1FC4859D00F7B27A /* _FBTweakCategoryViewController.h */ = {isa = PBXFileReference; fileEncoding = 4; lastKnownFileType = sourcecode.c.h; path = _FBTweakCategoryViewController.h; sourceTree = "<group>"; };
		C6269C801FC4859D00F7B27A /* _FBTweakColorViewControllerRGBDataSource.h */ = {isa = PBXFileReference; fileEncoding = 4; lastKnownFileType = sourcecode.c.h; path = _FBTweakColorViewControllerRGBDataSource.h; sourceTree = "<group>"; };
		C6269C811FC4859D00F7B27A /* FBTweakInlineInternal.h */ = {isa = PBXFileReference; fileEncoding = 4; lastKnownFileType = sourcecode.c.h; path = FBTweakInlineInternal.h; sourceTree = "<group>"; };
		C6269C821FC4859D00F7B27A /* _FBTweakColorViewControllerHSBDataSource.m */ = {isa = PBXFileReference; fileEncoding = 4; lastKnownFileType = sourcecode.c.objc; path = _FBTweakColorViewControllerHSBDataSource.m; sourceTree = "<group>"; };
		C6269C831FC4859E00F7B27A /* _FBTweakColorViewControllerHexDataSource.m */ = {isa = PBXFileReference; fileEncoding = 4; lastKnownFileType = sourcecode.c.objc; path = _FBTweakColorViewControllerHexDataSource.m; sourceTree = "<group>"; };
		C6269C841FC4859E00F7B27A /* FBTweak.h */ = {isa = PBXFileReference; fileEncoding = 4; lastKnownFileType = sourcecode.c.h; path = FBTweak.h; sourceTree = "<group>"; };
		C6269C851FC4859E00F7B27A /* _FBTweakDictionaryViewController.h */ = {isa = PBXFileReference; fileEncoding = 4; lastKnownFileType = sourcecode.c.h; path = _FBTweakDictionaryViewController.h; sourceTree = "<group>"; };
		C6269C861FC4859F00F7B27A /* _FBTweakColorViewControllerRGBDataSource.m */ = {isa = PBXFileReference; fileEncoding = 4; lastKnownFileType = sourcecode.c.objc; path = _FBTweakColorViewControllerRGBDataSource.m; sourceTree = "<group>"; };
		C6269C871FC4859F00F7B27A /* FBTweakCollection.m */ = {isa = PBXFileReference; fileEncoding = 4; lastKnownFileType = sourcecode.c.objc; path = FBTweakCollection.m; sourceTree = "<group>"; };
		C6269C9F1FC485C300F7B27A /* NSInvocation+EXT.m */ = {isa = PBXFileReference; fileEncoding = 4; lastKnownFileType = sourcecode.c.objc; path = "NSInvocation+EXT.m"; sourceTree = "<group>"; };
		C6269CA01FC485C300F7B27A /* extobjc.h */ = {isa = PBXFileReference; fileEncoding = 4; lastKnownFileType = sourcecode.c.h; path = extobjc.h; sourceTree = "<group>"; };
		C6269CA11FC485C300F7B27A /* EXTCoroutine.h */ = {isa = PBXFileReference; fileEncoding = 4; lastKnownFileType = sourcecode.c.h; path = EXTCoroutine.h; sourceTree = "<group>"; };
		C6269CA21FC485C400F7B27A /* EXTNil.m */ = {isa = PBXFileReference; fileEncoding = 4; lastKnownFileType = sourcecode.c.objc; path = EXTNil.m; sourceTree = "<group>"; };
		C6269CA31FC485C400F7B27A /* NSMethodSignature+EXT.h */ = {isa = PBXFileReference; fileEncoding = 4; lastKnownFileType = sourcecode.c.h; path = "NSMethodSignature+EXT.h"; sourceTree = "<group>"; };
		C6269CA41FC485C500F7B27A /* EXTRuntimeExtensions.m */ = {isa = PBXFileReference; fileEncoding = 4; lastKnownFileType = sourcecode.c.objc; path = EXTRuntimeExtensions.m; sourceTree = "<group>"; };
		C6269CA51FC485C500F7B27A /* EXTSafeCategory.m */ = {isa = PBXFileReference; fileEncoding = 4; lastKnownFileType = sourcecode.c.objc; path = EXTSafeCategory.m; sourceTree = "<group>"; };
		C6269CA61FC485C600F7B27A /* EXTScope.h */ = {isa = PBXFileReference; fileEncoding = 4; lastKnownFileType = sourcecode.c.h; path = EXTScope.h; sourceTree = "<group>"; };
		C6269CA71FC485C600F7B27A /* NSInvocation+EXT.h */ = {isa = PBXFileReference; fileEncoding = 4; lastKnownFileType = sourcecode.c.h; path = "NSInvocation+EXT.h"; sourceTree = "<group>"; };
		C6269CA81FC485C600F7B27A /* EXTNil.h */ = {isa = PBXFileReference; fileEncoding = 4; lastKnownFileType = sourcecode.c.h; path = EXTNil.h; sourceTree = "<group>"; };
		C6269CA91FC485C600F7B27A /* NSMethodSignature+EXT.m */ = {isa = PBXFileReference; fileEncoding = 4; lastKnownFileType = sourcecode.c.objc; path = "NSMethodSignature+EXT.m"; sourceTree = "<group>"; };
		C6269CAA1FC485C600F7B27A /* EXTSynthesize.h */ = {isa = PBXFileReference; fileEncoding = 4; lastKnownFileType = sourcecode.c.h; path = EXTSynthesize.h; sourceTree = "<group>"; };
		C6269CAB1FC485C600F7B27A /* EXTRuntimeExtensions.h */ = {isa = PBXFileReference; fileEncoding = 4; lastKnownFileType = sourcecode.c.h; path = EXTRuntimeExtensions.h; sourceTree = "<group>"; };
		C6269CAC1FC485C600F7B27A /* metamacros.h */ = {isa = PBXFileReference; fileEncoding = 4; lastKnownFileType = sourcecode.c.h; path = metamacros.h; sourceTree = "<group>"; };
		C6269CAD1FC485C600F7B27A /* EXTADT.h */ = {isa = PBXFileReference; fileEncoding = 4; lastKnownFileType = sourcecode.c.h; path = EXTADT.h; sourceTree = "<group>"; };
		C6269CAE1FC485C700F7B27A /* EXTSelectorChecking.h */ = {isa = PBXFileReference; fileEncoding = 4; lastKnownFileType = sourcecode.c.h; path = EXTSelectorChecking.h; sourceTree = "<group>"; };
		C6269CAF1FC485C700F7B27A /* EXTKeyPathCoding.h */ = {isa = PBXFileReference; fileEncoding = 4; lastKnownFileType = sourcecode.c.h; path = EXTKeyPathCoding.h; sourceTree = "<group>"; };
		C6269CB01FC485C700F7B27A /* EXTConcreteProtocol.m */ = {isa = PBXFileReference; fileEncoding = 4; lastKnownFileType = sourcecode.c.objc; path = EXTConcreteProtocol.m; sourceTree = "<group>"; };
		C6269CB11FC485C800F7B27A /* EXTConcreteProtocol.h */ = {isa = PBXFileReference; fileEncoding = 4; lastKnownFileType = sourcecode.c.h; path = EXTConcreteProtocol.h; sourceTree = "<group>"; };
		C6269CB21FC485C800F7B27A /* EXTSelectorChecking.m */ = {isa = PBXFileReference; fileEncoding = 4; lastKnownFileType = sourcecode.c.objc; path = EXTSelectorChecking.m; sourceTree = "<group>"; };
		C6269CB31FC485C800F7B27A /* EXTSafeCategory.h */ = {isa = PBXFileReference; fileEncoding = 4; lastKnownFileType = sourcecode.c.h; path = EXTSafeCategory.h; sourceTree = "<group>"; };
		C6269CB41FC485C800F7B27A /* EXTScope.m */ = {isa = PBXFileReference; fileEncoding = 4; lastKnownFileType = sourcecode.c.objc; path = EXTScope.m; sourceTree = "<group>"; };
		C6269CB51FC485C800F7B27A /* EXTADT.m */ = {isa = PBXFileReference; fileEncoding = 4; lastKnownFileType = sourcecode.c.objc; path = EXTADT.m; sourceTree = "<group>"; };
		C6269CC11FC4882400F7B27A /* UIView+WBTSizes.h */ = {isa = PBXFileReference; fileEncoding = 4; lastKnownFileType = sourcecode.c.h; path = "UIView+WBTSizes.h"; sourceTree = "<group>"; };
		C6269CC21FC4882400F7B27A /* UIView+WBTSizes.m */ = {isa = PBXFileReference; fileEncoding = 4; lastKnownFileType = sourcecode.c.objc; path = "UIView+WBTSizes.m"; sourceTree = "<group>"; };
		C66653C21FBC9F600009F30C /* BeansGenerator.h */ = {isa = PBXFileReference; lastKnownFileType = sourcecode.c.h; path = BeansGenerator.h; sourceTree = "<group>"; };
		C66653C31FBC9F600009F30C /* BeansGenerator.m */ = {isa = PBXFileReference; lastKnownFileType = sourcecode.c.objc; path = BeansGenerator.m; sourceTree = "<group>"; };
		C66653C51FBC9FC20009F30C /* BeanView.h */ = {isa = PBXFileReference; lastKnownFileType = sourcecode.c.h; path = BeanView.h; sourceTree = "<group>"; };
		C66653C61FBC9FC20009F30C /* BeanView.m */ = {isa = PBXFileReference; lastKnownFileType = sourcecode.c.objc; path = BeanView.m; sourceTree = "<group>"; };
		C66653C81FBCA14C0009F30C /* BeanNormalBeanView.h */ = {isa = PBXFileReference; lastKnownFileType = sourcecode.c.h; path = BeanNormalBeanView.h; sourceTree = "<group>"; };
		C66653C91FBCA14C0009F30C /* BeanNormalBeanView.m */ = {isa = PBXFileReference; lastKnownFileType = sourcecode.c.objc; path = BeanNormalBeanView.m; sourceTree = "<group>"; };
		C66653CB1FBCA1580009F30C /* BeanLargeBeanView.h */ = {isa = PBXFileReference; lastKnownFileType = sourcecode.c.h; path = BeanLargeBeanView.h; sourceTree = "<group>"; };
		C66653CC1FBCA1580009F30C /* BeanLargeBeanView.m */ = {isa = PBXFileReference; lastKnownFileType = sourcecode.c.objc; path = BeanLargeBeanView.m; sourceTree = "<group>"; };
		C66653CE1FBCA1870009F30C /* BeanPooPooView.h */ = {isa = PBXFileReference; lastKnownFileType = sourcecode.c.h; path = BeanPooPooView.h; sourceTree = "<group>"; };
		C66653CF1FBCA1870009F30C /* BeanPooPooView.m */ = {isa = PBXFileReference; lastKnownFileType = sourcecode.c.objc; path = BeanPooPooView.m; sourceTree = "<group>"; };
		C66653D11FBCA7720009F30C /* BeanView+SubClass.h */ = {isa = PBXFileReference; lastKnownFileType = sourcecode.c.h; path = "BeanView+SubClass.h"; sourceTree = "<group>"; };
		C68123641FBC5A18002D6C23 /* BeanGamePhase.h */ = {isa = PBXFileReference; lastKnownFileType = sourcecode.c.h; path = BeanGamePhase.h; sourceTree = "<group>"; };
		C68123651FBC5A18002D6C23 /* BeanGamePhase.m */ = {isa = PBXFileReference; lastKnownFileType = sourcecode.c.objc; path = BeanGamePhase.m; sourceTree = "<group>"; };
		C68123671FBC5A2A002D6C23 /* BeanGamePhaseController.h */ = {isa = PBXFileReference; lastKnownFileType = sourcecode.c.h; path = BeanGamePhaseController.h; sourceTree = "<group>"; };
		C68123681FBC5A2A002D6C23 /* BeanGamePhaseController.m */ = {isa = PBXFileReference; lastKnownFileType = sourcecode.c.objc; path = BeanGamePhaseController.m; sourceTree = "<group>"; };
		C681236A1FBC5A3B002D6C23 /* BeanGameCountdownPhase.h */ = {isa = PBXFileReference; lastKnownFileType = sourcecode.c.h; path = BeanGameCountdownPhase.h; sourceTree = "<group>"; };
		C681236B1FBC5A3B002D6C23 /* BeanGameCountdownPhase.m */ = {isa = PBXFileReference; lastKnownFileType = sourcecode.c.objc; path = BeanGameCountdownPhase.m; sourceTree = "<group>"; };
		C681236D1FBC5A4F002D6C23 /* BeanGamePlayingPhase.h */ = {isa = PBXFileReference; lastKnownFileType = sourcecode.c.h; path = BeanGamePlayingPhase.h; sourceTree = "<group>"; };
		C681236E1FBC5A4F002D6C23 /* BeanGamePlayingPhase.m */ = {isa = PBXFileReference; lastKnownFileType = sourcecode.c.objc; path = BeanGamePlayingPhase.m; sourceTree = "<group>"; };
		C68123701FBC5A86002D6C23 /* BeanGameResultPhase.h */ = {isa = PBXFileReference; lastKnownFileType = sourcecode.c.h; path = BeanGameResultPhase.h; sourceTree = "<group>"; };
		C68123711FBC5A86002D6C23 /* BeanGameResultPhase.m */ = {isa = PBXFileReference; lastKnownFileType = sourcecode.c.objc; path = BeanGameResultPhase.m; sourceTree = "<group>"; };
		C68123731FBC5AF5002D6C23 /* BeanGamePhase+SubClass.h */ = {isa = PBXFileReference; lastKnownFileType = sourcecode.c.h; path = "BeanGamePhase+SubClass.h"; sourceTree = "<group>"; };
		C68123751FBC5E02002D6C23 /* BeanGamePhase+Private.h */ = {isa = PBXFileReference; lastKnownFileType = sourcecode.c.h; path = "BeanGamePhase+Private.h"; sourceTree = "<group>"; };
		C68123761FBD4AF2002D6C23 /* BeanView+Private.h */ = {isa = PBXFileReference; lastKnownFileType = sourcecode.c.h; path = "BeanView+Private.h"; sourceTree = "<group>"; };
		C68123781FBDA264002D6C23 /* BeanLayerContainerView.h */ = {isa = PBXFileReference; lastKnownFileType = sourcecode.c.h; path = BeanLayerContainerView.h; sourceTree = "<group>"; };
		C68123791FBDA264002D6C23 /* BeanLayerContainerView.m */ = {isa = PBXFileReference; lastKnownFileType = sourcecode.c.objc; path = BeanLayerContainerView.m; sourceTree = "<group>"; };
		C681237B1FBDAAF5002D6C23 /* BeanGameDefines.h */ = {isa = PBXFileReference; lastKnownFileType = sourcecode.c.h; path = BeanGameDefines.h; sourceTree = "<group>"; };
		C6ACA5E21FB98FFE001D43A2 /* Beans.app */ = {isa = PBXFileReference; explicitFileType = wrapper.application; includeInIndex = 0; path = Beans.app; sourceTree = BUILT_PRODUCTS_DIR; };
		C6ACA5E51FB98FFE001D43A2 /* AppDelegate.h */ = {isa = PBXFileReference; lastKnownFileType = sourcecode.c.h; path = AppDelegate.h; sourceTree = "<group>"; };
		C6ACA5E61FB98FFE001D43A2 /* AppDelegate.m */ = {isa = PBXFileReference; lastKnownFileType = sourcecode.c.objc; path = AppDelegate.m; sourceTree = "<group>"; };
		C6ACA5E81FB98FFF001D43A2 /* ViewController.h */ = {isa = PBXFileReference; lastKnownFileType = sourcecode.c.h; path = ViewController.h; sourceTree = "<group>"; };
		C6ACA5E91FB98FFF001D43A2 /* ViewController.m */ = {isa = PBXFileReference; lastKnownFileType = sourcecode.c.objc; path = ViewController.m; sourceTree = "<group>"; };
		C6ACA5EC1FB98FFF001D43A2 /* Base */ = {isa = PBXFileReference; lastKnownFileType = file.storyboard; name = Base; path = Base.lproj/Main.storyboard; sourceTree = "<group>"; };
		C6ACA5EE1FB98FFF001D43A2 /* Assets.xcassets */ = {isa = PBXFileReference; lastKnownFileType = folder.assetcatalog; path = Assets.xcassets; sourceTree = "<group>"; };
		C6ACA5F11FB98FFF001D43A2 /* Base */ = {isa = PBXFileReference; lastKnownFileType = file.storyboard; name = Base; path = Base.lproj/LaunchScreen.storyboard; sourceTree = "<group>"; };
		C6ACA5F31FB98FFF001D43A2 /* Info.plist */ = {isa = PBXFileReference; lastKnownFileType = text.plist.xml; path = Info.plist; sourceTree = "<group>"; };
		C6ACA5F41FB98FFF001D43A2 /* main.m */ = {isa = PBXFileReference; lastKnownFileType = sourcecode.c.objc; path = main.m; sourceTree = "<group>"; };
		C6ACA5FB1FB991D7001D43A2 /* BeanGameController.h */ = {isa = PBXFileReference; lastKnownFileType = sourcecode.c.h; path = BeanGameController.h; sourceTree = "<group>"; };
		C6ACA5FC1FB991D7001D43A2 /* BeanGameController.m */ = {isa = PBXFileReference; lastKnownFileType = sourcecode.c.objc; path = BeanGameController.m; sourceTree = "<group>"; };
/* End PBXFileReference section */

/* Begin PBXFrameworksBuildPhase section */
		C6ACA5DF1FB98FFE001D43A2 /* Frameworks */ = {
			isa = PBXFrameworksBuildPhase;
			buildActionMask = 2147483647;
			files = (
			);
			runOnlyForDeploymentPostprocessing = 0;
		};
/* End PBXFrameworksBuildPhase section */

/* Begin PBXGroup section */
		C6269C571FC4853B00F7B27A /* Vendors */ = {
			isa = PBXGroup;
			children = (
				C6269CC01FC487FD00F7B27A /* Weibo */,
				C6269C9E1FC485A900F7B27A /* EXTObjc */,
				C6269C581FC4858600F7B27A /* FBTweak */,
			);
			path = Vendors;
			sourceTree = "<group>";
		};
		C6269C581FC4858600F7B27A /* FBTweak */ = {
			isa = PBXGroup;
			children = (
				C6269C741FC4859B00F7B27A /* _FBColorComponentCell.h */,
				C6269C6F1FC4859A00F7B27A /* _FBColorComponentCell.m */,
				C6269C6A1FC4859900F7B27A /* _FBColorUtils.h */,
				C6269C611FC4859800F7B27A /* _FBColorUtils.m */,
				C6269C6D1FC4859A00F7B27A /* _FBColorWheelCell.h */,
				C6269C5D1FC4859700F7B27A /* _FBColorWheelCell.m */,
				C6269C5A1FC4859700F7B27A /* _FBKeyboardManager.h */,
				C6269C721FC4859A00F7B27A /* _FBKeyboardManager.m */,
				C6269C7B1FC4859C00F7B27A /* _FBSliderView.h */,
				C6269C711FC4859A00F7B27A /* _FBSliderView.m */,
				C6269C731FC4859B00F7B27A /* _FBTweakArrayViewController.h */,
				C6269C751FC4859B00F7B27A /* _FBTweakArrayViewController.m */,
				C6269C701FC4859A00F7B27A /* _FBTweakBindObserver.h */,
				C6269C641FC4859800F7B27A /* _FBTweakBindObserver.m */,
				C6269C7F1FC4859D00F7B27A /* _FBTweakCategoryViewController.h */,
				C6269C5F1FC4859700F7B27A /* _FBTweakCategoryViewController.m */,
				C6269C5B1FC4859700F7B27A /* _FBTweakCollectionViewController.h */,
				C6269C5C1FC4859700F7B27A /* _FBTweakCollectionViewController.m */,
				C6269C6E1FC4859A00F7B27A /* _FBTweakColorViewController.h */,
				C6269C651FC4859800F7B27A /* _FBTweakColorViewController.m */,
				C6269C6C1FC4859900F7B27A /* _FBTweakColorViewControllerDataSource.h */,
				C6269C7A1FC4859C00F7B27A /* _FBTweakColorViewControllerHexDataSource.h */,
				C6269C831FC4859E00F7B27A /* _FBTweakColorViewControllerHexDataSource.m */,
				C6269C7D1FC4859C00F7B27A /* _FBTweakColorViewControllerHSBDataSource.h */,
				C6269C821FC4859D00F7B27A /* _FBTweakColorViewControllerHSBDataSource.m */,
				C6269C801FC4859D00F7B27A /* _FBTweakColorViewControllerRGBDataSource.h */,
				C6269C861FC4859F00F7B27A /* _FBTweakColorViewControllerRGBDataSource.m */,
				C6269C851FC4859E00F7B27A /* _FBTweakDictionaryViewController.h */,
				C6269C591FC4859700F7B27A /* _FBTweakDictionaryViewController.m */,
				C6269C631FC4859800F7B27A /* _FBTweakTableViewCell.h */,
				C6269C761FC4859B00F7B27A /* _FBTweakTableViewCell.m */,
				C6269C841FC4859E00F7B27A /* FBTweak.h */,
				C6269C771FC4859B00F7B27A /* FBTweak.m */,
				C6269C5E1FC4859700F7B27A /* FBTweakCategory.h */,
				C6269C621FC4859800F7B27A /* FBTweakCategory.m */,
				C6269C671FC4859800F7B27A /* FBTweakCollection.h */,
				C6269C871FC4859F00F7B27A /* FBTweakCollection.m */,
				C6269C781FC4859B00F7B27A /* FBTweakEnabled.h */,
				C6269C681FC4859800F7B27A /* FBTweakInline.h */,
				C6269C791FC4859C00F7B27A /* FBTweakInline.m */,
				C6269C811FC4859D00F7B27A /* FBTweakInlineInternal.h */,
				C6269C661FC4859800F7B27A /* FBTweakShakeWindow.h */,
				C6269C7C1FC4859C00F7B27A /* FBTweakShakeWindow.m */,
				C6269C601FC4859700F7B27A /* FBTweakStore.h */,
				C6269C691FC4859900F7B27A /* FBTweakStore.m */,
				C6269C6B1FC4859900F7B27A /* FBTweakViewController.h */,
				C6269C7E1FC4859C00F7B27A /* FBTweakViewController.m */,
			);
			path = FBTweak;
			sourceTree = "<group>";
		};
		C6269C9E1FC485A900F7B27A /* EXTObjc */ = {
			isa = PBXGroup;
			children = (
				C6269CAD1FC485C600F7B27A /* EXTADT.h */,
				C6269CB51FC485C800F7B27A /* EXTADT.m */,
				C6269CB11FC485C800F7B27A /* EXTConcreteProtocol.h */,
				C6269CB01FC485C700F7B27A /* EXTConcreteProtocol.m */,
				C6269CA11FC485C300F7B27A /* EXTCoroutine.h */,
				C6269CAF1FC485C700F7B27A /* EXTKeyPathCoding.h */,
				C6269CA81FC485C600F7B27A /* EXTNil.h */,
				C6269CA21FC485C400F7B27A /* EXTNil.m */,
				C6269CA01FC485C300F7B27A /* extobjc.h */,
				C6269CAB1FC485C600F7B27A /* EXTRuntimeExtensions.h */,
				C6269CA41FC485C500F7B27A /* EXTRuntimeExtensions.m */,
				C6269CB31FC485C800F7B27A /* EXTSafeCategory.h */,
				C6269CA51FC485C500F7B27A /* EXTSafeCategory.m */,
				C6269CA61FC485C600F7B27A /* EXTScope.h */,
				C6269CB41FC485C800F7B27A /* EXTScope.m */,
				C6269CAE1FC485C700F7B27A /* EXTSelectorChecking.h */,
				C6269CB21FC485C800F7B27A /* EXTSelectorChecking.m */,
				C6269CAA1FC485C600F7B27A /* EXTSynthesize.h */,
				C6269CAC1FC485C600F7B27A /* metamacros.h */,
				C6269CA71FC485C600F7B27A /* NSInvocation+EXT.h */,
				C6269C9F1FC485C300F7B27A /* NSInvocation+EXT.m */,
				C6269CA31FC485C400F7B27A /* NSMethodSignature+EXT.h */,
				C6269CA91FC485C600F7B27A /* NSMethodSignature+EXT.m */,
			);
			path = EXTObjc;
			sourceTree = "<group>";
		};
		C6269CC01FC487FD00F7B27A /* Weibo */ = {
			isa = PBXGroup;
			children = (
				C6269CC11FC4882400F7B27A /* UIView+WBTSizes.h */,
				C6269CC21FC4882400F7B27A /* UIView+WBTSizes.m */,
			);
			path = Weibo;
			sourceTree = "<group>";
		};
		C6ACA5D91FB98FFE001D43A2 = {
			isa = PBXGroup;
			children = (
				C6ACA5E41FB98FFE001D43A2 /* Beans */,
				C6ACA5E31FB98FFE001D43A2 /* Products */,
			);
			sourceTree = "<group>";
		};
		C6ACA5E31FB98FFE001D43A2 /* Products */ = {
			isa = PBXGroup;
			children = (
				C6ACA5E21FB98FFE001D43A2 /* Beans.app */,
			);
			name = Products;
			sourceTree = "<group>";
		};
		C6ACA5E41FB98FFE001D43A2 /* Beans */ = {
			isa = PBXGroup;
			children = (
				C6269C571FC4853B00F7B27A /* Vendors */,
				C6ACA5E51FB98FFE001D43A2 /* AppDelegate.h */,
				C6ACA5E61FB98FFE001D43A2 /* AppDelegate.m */,
				C6ACA5E81FB98FFF001D43A2 /* ViewController.h */,
				C6ACA5E91FB98FFF001D43A2 /* ViewController.m */,
				C6269C541FC4821C00F7B27A /* BeanNoAnimationLayer.h */,
				C6269C551FC4821C00F7B27A /* BeanNoAnimationLayer.m */,
				C622EB631FC4705900EA2EAC /* BeanGameResource.h */,
				C622EB641FC4705900EA2EAC /* BeanGameResource.m */,
				C681237B1FBDAAF5002D6C23 /* BeanGameDefines.h */,
				C6ACA5FB1FB991D7001D43A2 /* BeanGameController.h */,
				C6ACA5FC1FB991D7001D43A2 /* BeanGameController.m */,
				C68123641FBC5A18002D6C23 /* BeanGamePhase.h */,
				C68123651FBC5A18002D6C23 /* BeanGamePhase.m */,
				C68123751FBC5E02002D6C23 /* BeanGamePhase+Private.h */,
				C68123731FBC5AF5002D6C23 /* BeanGamePhase+SubClass.h */,
				C68123671FBC5A2A002D6C23 /* BeanGamePhaseController.h */,
				C68123681FBC5A2A002D6C23 /* BeanGamePhaseController.m */,
				C681236A1FBC5A3B002D6C23 /* BeanGameCountdownPhase.h */,
				C681236B1FBC5A3B002D6C23 /* BeanGameCountdownPhase.m */,
				C681236D1FBC5A4F002D6C23 /* BeanGamePlayingPhase.h */,
				C681236E1FBC5A4F002D6C23 /* BeanGamePlayingPhase.m */,
				C68123701FBC5A86002D6C23 /* BeanGameResultPhase.h */,
				C68123711FBC5A86002D6C23 /* BeanGameResultPhase.m */,
				C66653C21FBC9F600009F30C /* BeansGenerator.h */,
				C66653C31FBC9F600009F30C /* BeansGenerator.m */,
				C66653C51FBC9FC20009F30C /* BeanView.h */,
				C66653C61FBC9FC20009F30C /* BeanView.m */,
				C622EB601FC46FE800EA2EAC /* BeanScoreView.h */,
				C622EB611FC46FE800EA2EAC /* BeanScoreView.m */,
				C6269C511FC4757600F7B27A /* BeanAnimatedCountView.h */,
				C6269C521FC4757600F7B27A /* BeanAnimatedCountView.m */,
				C68123781FBDA264002D6C23 /* BeanLayerContainerView.h */,
				C68123791FBDA264002D6C23 /* BeanLayerContainerView.m */,
				C68123761FBD4AF2002D6C23 /* BeanView+Private.h */,
				C66653D11FBCA7720009F30C /* BeanView+SubClass.h */,
				C66653C81FBCA14C0009F30C /* BeanNormalBeanView.h */,
				C66653C91FBCA14C0009F30C /* BeanNormalBeanView.m */,
				C66653CB1FBCA1580009F30C /* BeanLargeBeanView.h */,
				C66653CC1FBCA1580009F30C /* BeanLargeBeanView.m */,
				C66653CE1FBCA1870009F30C /* BeanPooPooView.h */,
				C66653CF1FBCA1870009F30C /* BeanPooPooView.m */,
				C6ACA5EB1FB98FFF001D43A2 /* Main.storyboard */,
				C6ACA5EE1FB98FFF001D43A2 /* Assets.xcassets */,
				C6ACA5F01FB98FFF001D43A2 /* LaunchScreen.storyboard */,
				C6ACA5F31FB98FFF001D43A2 /* Info.plist */,
				C6ACA5F41FB98FFF001D43A2 /* main.m */,
			);
			path = Beans;
			sourceTree = "<group>";
		};
/* End PBXGroup section */

/* Begin PBXNativeTarget section */
		C6ACA5E11FB98FFE001D43A2 /* Beans */ = {
			isa = PBXNativeTarget;
			buildConfigurationList = C6ACA5F81FB98FFF001D43A2 /* Build configuration list for PBXNativeTarget "Beans" */;
			buildPhases = (
				C6ACA5DE1FB98FFE001D43A2 /* Sources */,
				C6ACA5DF1FB98FFE001D43A2 /* Frameworks */,
				C6ACA5E01FB98FFE001D43A2 /* Resources */,
			);
			buildRules = (
			);
			dependencies = (
			);
			name = Beans;
			productName = Beans;
			productReference = C6ACA5E21FB98FFE001D43A2 /* Beans.app */;
			productType = "com.apple.product-type.application";
		};
/* End PBXNativeTarget section */

/* Begin PBXProject section */
		C6ACA5DA1FB98FFE001D43A2 /* Project object */ = {
			isa = PBXProject;
			attributes = {
				LastUpgradeCheck = 0920;
				ORGANIZATIONNAME = wutian;
				TargetAttributes = {
					C6ACA5E11FB98FFE001D43A2 = {
						CreatedOnToolsVersion = 9.2;
						ProvisioningStyle = Automatic;
					};
				};
			};
			buildConfigurationList = C6ACA5DD1FB98FFE001D43A2 /* Build configuration list for PBXProject "Beans" */;
			compatibilityVersion = "Xcode 8.0";
			developmentRegion = en;
			hasScannedForEncodings = 0;
			knownRegions = (
				en,
				Base,
			);
			mainGroup = C6ACA5D91FB98FFE001D43A2;
			productRefGroup = C6ACA5E31FB98FFE001D43A2 /* Products */;
			projectDirPath = "";
			projectRoot = "";
			targets = (
				C6ACA5E11FB98FFE001D43A2 /* Beans */,
			);
		};
/* End PBXProject section */

/* Begin PBXResourcesBuildPhase section */
		C6ACA5E01FB98FFE001D43A2 /* Resources */ = {
			isa = PBXResourcesBuildPhase;
			buildActionMask = 2147483647;
			files = (
				C6ACA5F21FB98FFF001D43A2 /* LaunchScreen.storyboard in Resources */,
				C6ACA5EF1FB98FFF001D43A2 /* Assets.xcassets in Resources */,
				C6ACA5ED1FB98FFF001D43A2 /* Main.storyboard in Resources */,
			);
			runOnlyForDeploymentPostprocessing = 0;
		};
/* End PBXResourcesBuildPhase section */

/* Begin PBXSourcesBuildPhase section */
		C6ACA5DE1FB98FFE001D43A2 /* Sources */ = {
			isa = PBXSourcesBuildPhase;
			buildActionMask = 2147483647;
			files = (
				C66653C71FBC9FC20009F30C /* BeanView.m in Sources */,
				C6269CBE1FC485C900F7B27A /* EXTADT.m in Sources */,
				C6269C8A1FC4859F00F7B27A /* _FBColorWheelCell.m in Sources */,
				C6269C561FC4821C00F7B27A /* BeanNoAnimationLayer.m in Sources */,
				C6ACA5EA1FB98FFF001D43A2 /* ViewController.m in Sources */,
				C66653C41FBC9F600009F30C /* BeansGenerator.m in Sources */,
				C6269C531FC4757600F7B27A /* BeanAnimatedCountView.m in Sources */,
				C6269C901FC4859F00F7B27A /* FBTweakStore.m in Sources */,
				C6ACA5F51FB98FFF001D43A2 /* main.m in Sources */,
				C6269CBB1FC485C900F7B27A /* EXTConcreteProtocol.m in Sources */,
				C6269CBA1FC485C900F7B27A /* NSMethodSignature+EXT.m in Sources */,
				C6269CB71FC485C900F7B27A /* EXTNil.m in Sources */,
				C6269CC31FC4882400F7B27A /* UIView+WBTSizes.m in Sources */,
				C622EB651FC4705900EA2EAC /* BeanGameResource.m in Sources */,
				C6269C931FC4859F00F7B27A /* _FBKeyboardManager.m in Sources */,
				C6269C891FC4859F00F7B27A /* _FBTweakCollectionViewController.m in Sources */,
				C6269C951FC4859F00F7B27A /* _FBTweakTableViewCell.m in Sources */,
				C6269C8C1FC4859F00F7B27A /* _FBColorUtils.m in Sources */,
				C6269C911FC4859F00F7B27A /* _FBColorComponentCell.m in Sources */,
				C6269CBD1FC485C900F7B27A /* EXTScope.m in Sources */,
				C68123661FBC5A18002D6C23 /* BeanGamePhase.m in Sources */,
				C66653CD1FBCA1580009F30C /* BeanLargeBeanView.m in Sources */,
				C68123721FBC5A86002D6C23 /* BeanGameResultPhase.m in Sources */,
				C622EB621FC46FE800EA2EAC /* BeanScoreView.m in Sources */,
				C681237A1FBDA265002D6C23 /* BeanLayerContainerView.m in Sources */,
				C6269C8E1FC4859F00F7B27A /* _FBTweakBindObserver.m in Sources */,
				C68123691FBC5A2A002D6C23 /* BeanGamePhaseController.m in Sources */,
				C66653D01FBCA1870009F30C /* BeanPooPooView.m in Sources */,
				C6ACA5E71FB98FFE001D43A2 /* AppDelegate.m in Sources */,
				C6269CB91FC485C900F7B27A /* EXTSafeCategory.m in Sources */,
				C6269C991FC4859F00F7B27A /* FBTweakViewController.m in Sources */,
				C6269C9B1FC4859F00F7B27A /* _FBTweakColorViewControllerHexDataSource.m in Sources */,
				C6269C981FC4859F00F7B27A /* FBTweakShakeWindow.m in Sources */,
				C6ACA5FD1FB991D7001D43A2 /* BeanGameController.m in Sources */,
				C681236F1FBC5A4F002D6C23 /* BeanGamePlayingPhase.m in Sources */,
				C6269C9C1FC4859F00F7B27A /* _FBTweakColorViewControllerRGBDataSource.m in Sources */,
				C6269C881FC4859F00F7B27A /* _FBTweakDictionaryViewController.m in Sources */,
				C6269C9A1FC4859F00F7B27A /* _FBTweakColorViewControllerHSBDataSource.m in Sources */,
				C6269C961FC4859F00F7B27A /* FBTweak.m in Sources */,
				C6269CB61FC485C900F7B27A /* NSInvocation+EXT.m in Sources */,
				C6269C971FC4859F00F7B27A /* FBTweakInline.m in Sources */,
				C6269C941FC4859F00F7B27A /* _FBTweakArrayViewController.m in Sources */,
				C6269C9D1FC4859F00F7B27A /* FBTweakCollection.m in Sources */,
				C6269C8F1FC4859F00F7B27A /* _FBTweakColorViewController.m in Sources */,
				C6269C921FC4859F00F7B27A /* _FBSliderView.m in Sources */,
				C6269C8D1FC4859F00F7B27A /* FBTweakCategory.m in Sources */,
				C681236C1FBC5A3B002D6C23 /* BeanGameCountdownPhase.m in Sources */,
				C6269C8B1FC4859F00F7B27A /* _FBTweakCategoryViewController.m in Sources */,
				C6269CB81FC485C900F7B27A /* EXTRuntimeExtensions.m in Sources */,
				C6269CBC1FC485C900F7B27A /* EXTSelectorChecking.m in Sources */,
				C66653CA1FBCA14C0009F30C /* BeanNormalBeanView.m in Sources */,
			);
			runOnlyForDeploymentPostprocessing = 0;
		};
/* End PBXSourcesBuildPhase section */

/* Begin PBXVariantGroup section */
		C6ACA5EB1FB98FFF001D43A2 /* Main.storyboard */ = {
			isa = PBXVariantGroup;
			children = (
				C6ACA5EC1FB98FFF001D43A2 /* Base */,
			);
			name = Main.storyboard;
			sourceTree = "<group>";
		};
		C6ACA5F01FB98FFF001D43A2 /* LaunchScreen.storyboard */ = {
			isa = PBXVariantGroup;
			children = (
				C6ACA5F11FB98FFF001D43A2 /* Base */,
			);
			name = LaunchScreen.storyboard;
			sourceTree = "<group>";
		};
/* End PBXVariantGroup section */

/* Begin XCBuildConfiguration section */
		C6ACA5F61FB98FFF001D43A2 /* Debug */ = {
			isa = XCBuildConfiguration;
			buildSettings = {
				ALWAYS_SEARCH_USER_PATHS = NO;
				CLANG_ANALYZER_NONNULL = YES;
				CLANG_ANALYZER_NUMBER_OBJECT_CONVERSION = YES_AGGRESSIVE;
				CLANG_CXX_LANGUAGE_STANDARD = "gnu++14";
				CLANG_CXX_LIBRARY = "libc++";
				CLANG_ENABLE_MODULES = YES;
				CLANG_ENABLE_OBJC_ARC = YES;
				CLANG_WARN_BLOCK_CAPTURE_AUTORELEASING = YES;
				CLANG_WARN_BOOL_CONVERSION = YES;
				CLANG_WARN_COMMA = YES;
				CLANG_WARN_CONSTANT_CONVERSION = YES;
				CLANG_WARN_DIRECT_OBJC_ISA_USAGE = YES_ERROR;
				CLANG_WARN_DOCUMENTATION_COMMENTS = YES;
				CLANG_WARN_EMPTY_BODY = YES;
				CLANG_WARN_ENUM_CONVERSION = YES;
				CLANG_WARN_INFINITE_RECURSION = YES;
				CLANG_WARN_INT_CONVERSION = YES;
				CLANG_WARN_NON_LITERAL_NULL_CONVERSION = YES;
				CLANG_WARN_OBJC_LITERAL_CONVERSION = YES;
				CLANG_WARN_OBJC_ROOT_CLASS = YES_ERROR;
				CLANG_WARN_RANGE_LOOP_ANALYSIS = YES;
				CLANG_WARN_STRICT_PROTOTYPES = YES;
				CLANG_WARN_SUSPICIOUS_MOVE = YES;
				CLANG_WARN_UNGUARDED_AVAILABILITY = YES_AGGRESSIVE;
				CLANG_WARN_UNREACHABLE_CODE = YES;
				CLANG_WARN__DUPLICATE_METHOD_MATCH = YES;
				CODE_SIGN_IDENTITY = "iPhone Developer";
				COPY_PHASE_STRIP = NO;
				DEBUG_INFORMATION_FORMAT = dwarf;
				ENABLE_STRICT_OBJC_MSGSEND = YES;
				ENABLE_TESTABILITY = YES;
				GCC_C_LANGUAGE_STANDARD = gnu11;
				GCC_DYNAMIC_NO_PIC = NO;
				GCC_NO_COMMON_BLOCKS = YES;
				GCC_OPTIMIZATION_LEVEL = 0;
				GCC_PREPROCESSOR_DEFINITIONS = (
					"DEBUG=1",
					"$(inherited)",
				);
				GCC_WARN_64_TO_32_BIT_CONVERSION = YES;
				GCC_WARN_ABOUT_RETURN_TYPE = YES_ERROR;
				GCC_WARN_UNDECLARED_SELECTOR = YES;
				GCC_WARN_UNINITIALIZED_AUTOS = YES_AGGRESSIVE;
				GCC_WARN_UNUSED_FUNCTION = YES;
				GCC_WARN_UNUSED_VARIABLE = YES;
				IPHONEOS_DEPLOYMENT_TARGET = 11.2;
				MTL_ENABLE_DEBUG_INFO = YES;
				ONLY_ACTIVE_ARCH = YES;
				SDKROOT = iphoneos;
			};
			name = Debug;
		};
		C6ACA5F71FB98FFF001D43A2 /* Release */ = {
			isa = XCBuildConfiguration;
			buildSettings = {
				ALWAYS_SEARCH_USER_PATHS = NO;
				CLANG_ANALYZER_NONNULL = YES;
				CLANG_ANALYZER_NUMBER_OBJECT_CONVERSION = YES_AGGRESSIVE;
				CLANG_CXX_LANGUAGE_STANDARD = "gnu++14";
				CLANG_CXX_LIBRARY = "libc++";
				CLANG_ENABLE_MODULES = YES;
				CLANG_ENABLE_OBJC_ARC = YES;
				CLANG_WARN_BLOCK_CAPTURE_AUTORELEASING = YES;
				CLANG_WARN_BOOL_CONVERSION = YES;
				CLANG_WARN_COMMA = YES;
				CLANG_WARN_CONSTANT_CONVERSION = YES;
				CLANG_WARN_DIRECT_OBJC_ISA_USAGE = YES_ERROR;
				CLANG_WARN_DOCUMENTATION_COMMENTS = YES;
				CLANG_WARN_EMPTY_BODY = YES;
				CLANG_WARN_ENUM_CONVERSION = YES;
				CLANG_WARN_INFINITE_RECURSION = YES;
				CLANG_WARN_INT_CONVERSION = YES;
				CLANG_WARN_NON_LITERAL_NULL_CONVERSION = YES;
				CLANG_WARN_OBJC_LITERAL_CONVERSION = YES;
				CLANG_WARN_OBJC_ROOT_CLASS = YES_ERROR;
				CLANG_WARN_RANGE_LOOP_ANALYSIS = YES;
				CLANG_WARN_STRICT_PROTOTYPES = YES;
				CLANG_WARN_SUSPICIOUS_MOVE = YES;
				CLANG_WARN_UNGUARDED_AVAILABILITY = YES_AGGRESSIVE;
				CLANG_WARN_UNREACHABLE_CODE = YES;
				CLANG_WARN__DUPLICATE_METHOD_MATCH = YES;
				CODE_SIGN_IDENTITY = "iPhone Developer";
				COPY_PHASE_STRIP = NO;
				DEBUG_INFORMATION_FORMAT = "dwarf-with-dsym";
				ENABLE_NS_ASSERTIONS = NO;
				ENABLE_STRICT_OBJC_MSGSEND = YES;
				GCC_C_LANGUAGE_STANDARD = gnu11;
				GCC_NO_COMMON_BLOCKS = YES;
				GCC_WARN_64_TO_32_BIT_CONVERSION = YES;
				GCC_WARN_ABOUT_RETURN_TYPE = YES_ERROR;
				GCC_WARN_UNDECLARED_SELECTOR = YES;
				GCC_WARN_UNINITIALIZED_AUTOS = YES_AGGRESSIVE;
				GCC_WARN_UNUSED_FUNCTION = YES;
				GCC_WARN_UNUSED_VARIABLE = YES;
				IPHONEOS_DEPLOYMENT_TARGET = 11.2;
				MTL_ENABLE_DEBUG_INFO = NO;
				SDKROOT = iphoneos;
				VALIDATE_PRODUCT = YES;
			};
			name = Release;
		};
		C6ACA5F91FB98FFF001D43A2 /* Debug */ = {
			isa = XCBuildConfiguration;
			buildSettings = {
				ASSETCATALOG_COMPILER_APPICON_NAME = AppIcon;
				CODE_SIGN_STYLE = Automatic;
				DEVELOPMENT_TEAM = DMJXDB9H6Q;
				INFOPLIST_FILE = Beans/Info.plist;
				LD_RUNPATH_SEARCH_PATHS = "$(inherited) @executable_path/Frameworks";
				PRODUCT_BUNDLE_IDENTIFIER = com.wutian.Beans;
				PRODUCT_NAME = "$(TARGET_NAME)";
				TARGETED_DEVICE_FAMILY = "1,2";
			};
			name = Debug;
		};
		C6ACA5FA1FB98FFF001D43A2 /* Release */ = {
			isa = XCBuildConfiguration;
			buildSettings = {
				ASSETCATALOG_COMPILER_APPICON_NAME = AppIcon;
				CODE_SIGN_STYLE = Automatic;
				DEVELOPMENT_TEAM = DMJXDB9H6Q;
				INFOPLIST_FILE = Beans/Info.plist;
				LD_RUNPATH_SEARCH_PATHS = "$(inherited) @executable_path/Frameworks";
				PRODUCT_BUNDLE_IDENTIFIER = com.wutian.Beans;
				PRODUCT_NAME = "$(TARGET_NAME)";
				TARGETED_DEVICE_FAMILY = "1,2";
			};
			name = Release;
		};
/* End XCBuildConfiguration section */

/* Begin XCConfigurationList section */
		C6ACA5DD1FB98FFE001D43A2 /* Build configuration list for PBXProject "Beans" */ = {
			isa = XCConfigurationList;
			buildConfigurations = (
				C6ACA5F61FB98FFF001D43A2 /* Debug */,
				C6ACA5F71FB98FFF001D43A2 /* Release */,
			);
			defaultConfigurationIsVisible = 0;
			defaultConfigurationName = Release;
		};
		C6ACA5F81FB98FFF001D43A2 /* Build configuration list for PBXNativeTarget "Beans" */ = {
			isa = XCConfigurationList;
			buildConfigurations = (
				C6ACA5F91FB98FFF001D43A2 /* Debug */,
				C6ACA5FA1FB98FFF001D43A2 /* Release */,
			);
			defaultConfigurationIsVisible = 0;
			defaultConfigurationName = Release;
		};
/* End XCConfigurationList section */
	};
	rootObject = C6ACA5DA1FB98FFE001D43A2 /* Project object */;
}
